<?xml version="1.0" encoding="utf-8"?>
<Project ToolsVersion="4.0" xmlns="http://schemas.microsoft.com/developer/msbuild/2003">
  <ItemGroup>
    <Filter Include="소스 파일">
      <UniqueIdentifier>{4FC737F1-C7A5-4376-A066-2A32D752A2FF}</UniqueIdentifier>
      <Extensions>cpp;c;cc;cxx;def;odl;idl;hpj;bat;asm;asmx</Extensions>
    </Filter>
    <Filter Include="리소스 파일">
      <UniqueIdentifier>{67DA6AB6-F800-4c08-8B7A-83BB121AAD01}</UniqueIdentifier>
      <Extensions>rc;ico;cur;bmp;dlg;rc2;rct;bin;rgs;gif;jpg;jpeg;jpe;resx;tiff;tif;png;wav;mfcribbon-ms</Extensions>
    </Filter>
    <Filter Include="소스 파일\헤더 파일">
      <UniqueIdentifier>{93995380-89BD-4b04-88EB-625FBE52EBFB}</UniqueIdentifier>
      <Extensions>h;hh;hpp;hxx;hm;inl;inc;ipp;xsd</Extensions>
    </Filter>
  </ItemGroup>
  <ItemGroup>
    <ClCompile Include="16954_움직이는 미로 탈출.cpp">
      <Filter>소스 파일</Filter>
    </ClCompile>
    <ClCompile Include="9466_텀 프로젝트.cpp">
      <Filter>소스 파일</Filter>
    </ClCompile>
    <ClCompile Include="2048_easy.cpp">
      <Filter>소스 파일</Filter>
    </ClCompile>
    <ClCompile Include="25598_alive or dead.cpp">
      <Filter>소스 파일</Filter>
    </ClCompile>
    <ClCompile Include="2606_바이러스.cpp">
      <Filter>소스 파일</Filter>
    </ClCompile>
    <ClCompile Include="1260_DFS와 BFS.cpp">
      <Filter>소스 파일</Filter>
    </ClCompile>
    <ClCompile Include="11403_경로찾기.cpp">
      <Filter>소스 파일</Filter>
    </ClCompile>
    <ClCompile Include="11724 연결 요소의 개수.cpp">
      <Filter>소스 파일</Filter>
    </ClCompile>
    <ClCompile Include="24479_알고리즘수업-깊이우선탐색1.cpp">
      <Filter>소스 파일</Filter>
    </ClCompile>
    <ClCompile Include="24480_알고리즘수업-깊이우선탐색2.cpp">
      <Filter>소스 파일</Filter>
    </ClCompile>
    <ClCompile Include="24481_알고리즘수업-깊이우선탐색3.cpp">
      <Filter>소스 파일</Filter>
    </ClCompile>
    <ClCompile Include="24482_알고리즘수업-깊이우선탐색4.cpp">
      <Filter>소스 파일</Filter>
    </ClCompile>
    <ClCompile Include="24483_알고리즘수업-깊이우선탐색5.cpp">
      <Filter>소스 파일</Filter>
    </ClCompile>
    <ClCompile Include="24484_알고리즘수업-깊이우선탐색6.cpp">
      <Filter>소스 파일</Filter>
    </ClCompile>
    <ClCompile Include="1325_효율적인해킹.cpp">
      <Filter>소스 파일</Filter>
    </ClCompile>
    <ClCompile Include="2526_싸이클.cpp">
      <Filter>소스 파일</Filter>
    </ClCompile>
    <ClCompile Include="그래프 연습.cpp">
      <Filter>소스 파일</Filter>
    </ClCompile>
    <ClCompile Include="정올1180_dessert.cpp">
      <Filter>소스 파일</Filter>
    </ClCompile>
    <ClCompile Include="1082_화염에서탈출.cpp">
      <Filter>소스 파일</Filter>
    </ClCompile>
    <ClCompile Include="민코딩_잠자리전쟁.cpp">
      <Filter>소스 파일</Filter>
    </ClCompile>
    <ClCompile Include="민코딩_Dr.coca의 하루살이관찰.cpp">
      <Filter>소스 파일</Filter>
    </ClCompile>
    <ClCompile Include="1726_로봇.cpp">
      <Filter>소스 파일</Filter>
    </ClCompile>
    <ClCompile Include="6987_월드컵.cpp">
      <Filter>소스 파일</Filter>
    </ClCompile>
    <ClCompile Include="2058_고돌이 고소미.cpp">
      <Filter>소스 파일</Filter>
    </ClCompile>
    <ClCompile Include="민코딩_Fire Fighter.cpp">
      <Filter>소스 파일</Filter>
    </ClCompile>
    <ClCompile Include="민코딩_공포게임공략.cpp">
      <Filter>소스 파일</Filter>
    </ClCompile>
    <ClCompile Include="민코딩_안나와 엘사.cpp">
      <Filter>소스 파일</Filter>
    </ClCompile>
    <ClCompile Include="민코딩_안나와 엘사M버젼.cpp">
      <Filter>소스 파일</Filter>
    </ClCompile>
    <ClCompile Include="자벌레들의 인생살이.cpp">
      <Filter>소스 파일</Filter>
    </ClCompile>
    <ClCompile Include="민코딩_삼겹살 고기판.cpp">
      <Filter>소스 파일</Filter>
    </ClCompile>
    <ClCompile Include="11052_카드구매하기.cpp">
      <Filter>소스 파일</Filter>
    </ClCompile>
    <ClCompile Include="민코딩_민철씨의 꽃밭.cpp">
      <Filter>소스 파일</Filter>
    </ClCompile>
    <ClCompile Include="민코딩_인공해마가족.cpp">
      <Filter>소스 파일</Filter>
    </ClCompile>
    <ClCompile Include="소스.cpp">
      <Filter>소스 파일</Filter>
    </ClCompile>
    <ClCompile Include="민코딩_알베르토 현대미술.cpp">
      <Filter>소스 파일</Filter>
    </ClCompile>
    <ClCompile Include="민코딩_좀비방어.cpp">
      <Filter>소스 파일</Filter>
    </ClCompile>
    <ClCompile Include="2115_갤러리.cpp">
      <Filter>소스 파일</Filter>
    </ClCompile>
    <ClCompile Include="2571_색종이3.cpp">
      <Filter>소스 파일</Filter>
    </ClCompile>
    <ClCompile Include="민코딩_카드발급기.cpp">
      <Filter>소스 파일</Filter>
    </ClCompile>
    <ClCompile Include="민코딩_싱크홀 울타리.cpp">
      <Filter>소스 파일</Filter>
    </ClCompile>
    <ClCompile Include="민코딩_이탈리아 전쟁.cpp">
      <Filter>소스 파일</Filter>
    </ClCompile>
    <ClCompile Include="2344_거울4.cpp">
      <Filter>소스 파일</Filter>
    </ClCompile>
    <ClCompile Include="26009_험난한 등굣길.cpp">
      <Filter>소스 파일</Filter>
    </ClCompile>
    <ClCompile Include="성호문제Gaaaaaaaaaame.cpp">
      <Filter>소스 파일</Filter>
    </ClCompile>
    <ClCompile Include="민코딩_차윤이의도형끼우기.cpp">
      <Filter>소스 파일</Filter>
    </ClCompile>
    <ClCompile Include="민코딩_흑돌백돌.cpp">
      <Filter>소스 파일</Filter>
    </ClCompile>
    <ClCompile Include="민코딩_BFS배달맨.cpp">
      <Filter>소스 파일</Filter>
    </ClCompile>
    <ClCompile Include="민코딩_수학게임페스티벌.cpp">
      <Filter>소스 파일</Filter>
    </ClCompile>
    <ClCompile Include="민코딩_싱크홀울타리newver.cpp">
      <Filter>소스 파일</Filter>
    </ClCompile>
    <ClCompile Include="세 수의 합.cpp">
      <Filter>소스 파일</Filter>
    </ClCompile>
    <ClCompile Include="13549_구슬탈출.cpp">
      <Filter>소스 파일</Filter>
    </ClCompile>
    <ClCompile Include="13460_구슬탈출2.cpp">
      <Filter>소스 파일</Filter>
    </ClCompile>
    <ClCompile Include="민코딩_1942.cpp">
      <Filter>소스 파일</Filter>
    </ClCompile>
    <ClCompile Include="민코딩_중력 AB.cpp">
      <Filter>소스 파일</Filter>
    </ClCompile>
    <ClCompile Include="민코딩_블랙홀 관측.cpp">
      <Filter>소스 파일</Filter>
    </ClCompile>
    <ClCompile Include="18809_Gaaaaaaaaaarden.cpp">
      <Filter>소스 파일</Filter>
    </ClCompile>
    <ClCompile Include="15898_피아의 아틀리에.cpp">
      <Filter>소스 파일</Filter>
    </ClCompile>
    <ClCompile Include="10875_뱀.cpp">
      <Filter>소스 파일</Filter>
    </ClCompile>
    <ClCompile Include="2933_미네랄2.cpp">
      <Filter>소스 파일</Filter>
    </ClCompile>
    <ClCompile Include="25173_용감한 아리의 동굴 대탈출.cpp">
      <Filter>소스 파일</Filter>
    </ClCompile>
    <ClCompile Include="16235_나무재테크.cpp">
      <Filter>소스 파일</Filter>
    </ClCompile>
    <ClCompile Include="민코딩_빙수기계.cpp">
      <Filter>소스 파일</Filter>
    </ClCompile>
    <ClCompile Include="민코딩_블록팡.cpp">
      <Filter>소스 파일</Filter>
    </ClCompile>
    <ClCompile Include="디케의 저울.cpp">
      <Filter>소스 파일</Filter>
    </ClCompile>
    <ClCompile Include="민코딩_양봉업자 코코.cpp">
      <Filter>소스 파일</Filter>
    </ClCompile>
    <ClCompile Include="민코딩_보드게임퀴즈만들기.cpp">
      <Filter>소스 파일</Filter>
    </ClCompile>
    <ClCompile Include="민코딩_스노우맨.cpp">
      <Filter>소스 파일</Filter>
    </ClCompile>
    <ClCompile Include="민코딩_치킨을 사랑하는 사람들.cpp">
      <Filter>소스 파일</Filter>
    </ClCompile>
    <ClCompile Include="민코딩_보드게임 퀴즈 만들기.cpp">
      <Filter>소스 파일</Filter>
    </ClCompile>
    <ClCompile Include="3197_백조의 호수.cpp">
      <Filter>소스 파일</Filter>
    </ClCompile>
    <ClCompile Include="10951_A+B-4.cpp">
      <Filter>소스 파일</Filter>
    </ClCompile>
  </ItemGroup>
</Project>